{
  "name": "soupbot",
  "lockfileVersion": 3,
  "requires": true,
  "packages": {
    "": {
      "dependencies": {
        "@vkruglikov/react-telegram-web-app": "^2.1.9"
      }
    },
    "node_modules/@vkruglikov/react-telegram-web-app": {
      "version": "2.1.9",
      "resolved": "https://registry.npmjs.org/@vkruglikov/react-telegram-web-app/-/react-telegram-web-app-2.1.9.tgz",
      "integrity": "sha512-m8D5oUuSQN1z8xiG3ufh7tBbWpmp4zLtZv2rNsC2LP0Rp5vJI/hwZNk65h7wLDE740wPlE2R6bOSikm6FdUTtQ==",
      "peerDependencies": {
        "react": "^18",
        "react-dom": "^18"
      }
    },
    "node_modules/js-tokens": {
      "peer": true
    },
    "node_modules/loose-envify": {
      "version": "1.4.0",
      "license": "MIT",
      "peer": true,
      "dependencies": {
        "js-tokens": "^3.0.0 || ^4.0.0"
      },
      "bin": {
        "loose-envify": "cli.js"
      }
    },
    "node_modules/react": {
      "version": "18.3.1",
      "license": "MIT",
      "peer": true,
      "dependencies": {
        "loose-envify": "^1.1.0"
      },
      "engines": {
        "node": ">=0.10.0"
      }
    },
    "node_modules/react-dom": {
      "version": "18.3.1",
      "resolved": "https://registry.npmjs.org/react-dom/-/react-dom-18.3.1.tgz",
      "integrity": "sha512-5m4nQKp+rZRb09LNH59GM4BxTh9251/ylbKIbpe7TpGxfJ+9kv6BLkLBXIjjspbgbnIBNqlI23tRnTWT0snUIw==",
      "peer": true,
      "dependencies": {
        "loose-envify": "^1.1.0",
        "scheduler": "^0.23.2"
      },
      "peerDependencies": {
        "react": "^18.3.1"
      }
    },
    "node_modules/scheduler": {
      "version": "0.23.2",
      "license": "MIT",
      "peer": true,
      "dependencies": {
        "loose-envify": "^1.1.0"
      }
    }
  }
}
